// !$*UTF8*$!
{
	archiveVersion = 1;
	classes = {
	};
	objectVersion = 50;
	objects = {

/* Begin PBXBuildFile section */
		5033B64C2463171C00264499 /* ViewController.swift in Sources */ = {isa = PBXBuildFile; fileRef = 5033B63C2463171B00264499 /* ViewController.swift */; };
		5033B64D2463171C00264499 /* Main.storyboard in Resources */ = {isa = PBXBuildFile; fileRef = 5033B63D2463171B00264499 /* Main.storyboard */; };
		5033B64E2463171C00264499 /* Toast.swift in Sources */ = {isa = PBXBuildFile; fileRef = 5033B6402463171B00264499 /* Toast.swift */; };
		5033B64F2463171C00264499 /* README.md in Resources */ = {isa = PBXBuildFile; fileRef = 5033B6412463171B00264499 /* README.md */; };
		5033B6502463171C00264499 /* Assets.xcassets in Resources */ = {isa = PBXBuildFile; fileRef = 5033B6432463171B00264499 /* Assets.xcassets */; };
		5033B6512463171C00264499 /* LaunchScreen.storyboard in Resources */ = {isa = PBXBuildFile; fileRef = 5033B6442463171B00264499 /* LaunchScreen.storyboard */; };
		5033B6532463171C00264499 /* AppDelegate.swift in Sources */ = {isa = PBXBuildFile; fileRef = 5033B64A2463171C00264499 /* AppDelegate.swift */; };
		5033B6542463171C00264499 /* SceneDelegate.swift in Sources */ = {isa = PBXBuildFile; fileRef = 5033B64B2463171C00264499 /* SceneDelegate.swift */; };
/* End PBXBuildFile section */

/* Begin PBXFileReference section */
		5033B6132463118C00264499 /* Anime Button.app */ = {isa = PBXFileReference; explicitFileType = wrapper.application; includeInIndex = 0; path = "Anime Button.app"; sourceTree = BUILT_PRODUCTS_DIR; };
		5033B6242463119200264499 /* Info.plist */ = {isa = PBXFileReference; lastKnownFileType = text.plist.xml; path = Info.plist; sourceTree = "<group>"; };
		5033B63C2463171B00264499 /* ViewController.swift */ = {isa = PBXFileReference; fileEncoding = 4; lastKnownFileType = sourcecode.swift; path = ViewController.swift; sourceTree = "<group>"; };
		5033B63E2463171B00264499 /* Base */ = {isa = PBXFileReference; lastKnownFileType = file.storyboard; name = Base; path = Base.lproj/Main.storyboard; sourceTree = "<group>"; };
		5033B6402463171B00264499 /* Toast.swift */ = {isa = PBXFileReference; fileEncoding = 4; lastKnownFileType = sourcecode.swift; path = Toast.swift; sourceTree = "<group>"; };
		5033B6412463171B00264499 /* README.md */ = {isa = PBXFileReference; fileEncoding = 4; lastKnownFileType = net.daringfireball.markdown; path = README.md; sourceTree = "<group>"; };
		5033B6432463171B00264499 /* Assets.xcassets */ = {isa = PBXFileReference; lastKnownFileType = folder.assetcatalog; path = Assets.xcassets; sourceTree = "<group>"; };
		5033B6452463171B00264499 /* Base */ = {isa = PBXFileReference; lastKnownFileType = file.storyboard; name = Base; path = Base.lproj/LaunchScreen.storyboard; sourceTree = "<group>"; };
		5033B64A2463171C00264499 /* AppDelegate.swift */ = {isa = PBXFileReference; fileEncoding = 4; lastKnownFileType = sourcecode.swift; path = AppDelegate.swift; sourceTree = "<group>"; };
		5033B64B2463171C00264499 /* SceneDelegate.swift */ = {isa = PBXFileReference; fileEncoding = 4; lastKnownFileType = sourcecode.swift; path = SceneDelegate.swift; sourceTree = "<group>"; };
/* End PBXFileReference section */

/* Begin PBXFrameworksBuildPhase section */
		5033B6102463118C00264499 /* Frameworks */ = {
			isa = PBXFrameworksBuildPhase;
			buildActionMask = 2147483647;
			files = (
			);
			runOnlyForDeploymentPostprocessing = 0;
		};
/* End PBXFrameworksBuildPhase section */

/* Begin PBXGroup section */
		5033B60A2463118C00264499 = {
			isa = PBXGroup;
			children = (
				5033B6152463118C00264499 /* Core Animation Button */,
				5033B6142463118C00264499 /* Products */,
			);
			sourceTree = "<group>";
		};
		5033B6142463118C00264499 /* Products */ = {
			isa = PBXGroup;
			children = (
				5033B6132463118C00264499 /* Anime Button.app */,
			);
			name = Products;
			sourceTree = "<group>";
		};
		5033B6152463118C00264499 /* Core Animation Button */ = {
			isa = PBXGroup;
			children = (
				5033B6492463171C00264499 /* Delegates */,
				5033B63F2463171B00264499 /* Helpers */,
				5033B6412463171B00264499 /* README.md */,
				5033B6422463171B00264499 /* Resources */,
				5033B6482463171C00264499 /* Screenshots */,
				5033B63B2463171B00264499 /* View Controller */,
				5033B6242463119200264499 /* Info.plist */,
			);
			path = "Core Animation Button";
			sourceTree = "<group>";
		};
		5033B63B2463171B00264499 /* View Controller */ = {
			isa = PBXGroup;
			children = (
				5033B63C2463171B00264499 /* ViewController.swift */,
				5033B63D2463171B00264499 /* Main.storyboard */,
			);
			path = "View Controller";
			sourceTree = "<group>";
		};
		5033B63F2463171B00264499 /* Helpers */ = {
			isa = PBXGroup;
			children = (
				5033B6402463171B00264499 /* Toast.swift */,
			);
			path = Helpers;
			sourceTree = "<group>";
		};
		5033B6422463171B00264499 /* Resources */ = {
			isa = PBXGroup;
			children = (
				5033B6432463171B00264499 /* Assets.xcassets */,
				5033B6442463171B00264499 /* LaunchScreen.storyboard */,
			);
			path = Resources;
			sourceTree = "<group>";
		};
		5033B6482463171C00264499 /* Screenshots */ = {
			isa = PBXGroup;
			children = (
			);
			path = Screenshots;
			sourceTree = "<group>";
		};
		5033B6492463171C00264499 /* Delegates */ = {
			isa = PBXGroup;
			children = (
				5033B64A2463171C00264499 /* AppDelegate.swift */,
				5033B64B2463171C00264499 /* SceneDelegate.swift */,
			);
			path = Delegates;
			sourceTree = "<group>";
		};
/* End PBXGroup section */

/* Begin PBXNativeTarget section */
		5033B6122463118C00264499 /* Core Animation Button */ = {
			isa = PBXNativeTarget;
			buildConfigurationList = 5033B6272463119200264499 /* Build configuration list for PBXNativeTarget "Core Animation Button" */;
			buildPhases = (
				5033B60F2463118C00264499 /* Sources */,
				5033B6102463118C00264499 /* Frameworks */,
				5033B6112463118C00264499 /* Resources */,
			);
			buildRules = (
			);
			dependencies = (
			);
			name = "Core Animation Button";
			productName = "Core Animation Button";
			productReference = 5033B6132463118C00264499 /* Anime Button.app */;
			productType = "com.apple.product-type.application";
		};
/* End PBXNativeTarget section */

/* Begin PBXProject section */
		5033B60B2463118C00264499 /* Project object */ = {
			isa = PBXProject;
			attributes = {
				LastSwiftUpdateCheck = 1130;
				LastUpgradeCheck = 1130;
				ORGANIZATIONNAME = vijay;
				TargetAttributes = {
					5033B6122463118C00264499 = {
						CreatedOnToolsVersion = 11.3.1;
					};
				};
			};
			buildConfigurationList = 5033B60E2463118C00264499 /* Build configuration list for PBXProject "Core Animation Button" */;
			compatibilityVersion = "Xcode 9.3";
			developmentRegion = en;
			hasScannedForEncodings = 0;
			knownRegions = (
				en,
				Base,
			);
			mainGroup = 5033B60A2463118C00264499;
			productRefGroup = 5033B6142463118C00264499 /* Products */;
			projectDirPath = "";
			projectRoot = "";
			targets = (
				5033B6122463118C00264499 /* Core Animation Button */,
			);
		};
/* End PBXProject section */

/* Begin PBXResourcesBuildPhase section */
		5033B6112463118C00264499 /* Resources */ = {
			isa = PBXResourcesBuildPhase;
			buildActionMask = 2147483647;
			files = (
				5033B64F2463171C00264499 /* README.md in Resources */,
				5033B6512463171C00264499 /* LaunchScreen.storyboard in Resources */,
				5033B6502463171C00264499 /* Assets.xcassets in Resources */,
				5033B64D2463171C00264499 /* Main.storyboard in Resources */,
			);
			runOnlyForDeploymentPostprocessing = 0;
		};
/* End PBXResourcesBuildPhase section */

/* Begin PBXSourcesBuildPhase section */
		5033B60F2463118C00264499 /* Sources */ = {
			isa = PBXSourcesBuildPhase;
			buildActionMask = 2147483647;
			files = (
				5033B6542463171C00264499 /* SceneDelegate.swift in Sources */,
				5033B6532463171C00264499 /* AppDelegate.swift in Sources */,
				5033B64C2463171C00264499 /* ViewController.swift in Sources */,
				5033B64E2463171C00264499 /* Toast.swift in Sources */,
			);
			runOnlyForDeploymentPostprocessing = 0;
		};
/* End PBXSourcesBuildPhase section */

/* Begin PBXVariantGroup section */
		5033B63D2463171B00264499 /* Main.storyboard */ = {
			isa = PBXVariantGroup;
			children = (
				5033B63E2463171B00264499 /* Base */,
			);
			name = Main.storyboard;
			sourceTree = "<group>";
		};
		5033B6442463171B00264499 /* LaunchScreen.storyboard */ = {
			isa = PBXVariantGroup;
			children = (
				5033B6452463171B00264499 /* Base */,
			);
			name = LaunchScreen.storyboard;
			sourceTree = "<group>";
		};
/* End PBXVariantGroup section */

/* Begin XCBuildConfiguration section */
		5033B6252463119200264499 /* Debug */ = {
			isa = XCBuildConfiguration;
			buildSettings = {
				ALWAYS_SEARCH_USER_PATHS = NO;
				CLANG_ANALYZER_NONNULL = YES;
				CLANG_ANALYZER_NUMBER_OBJECT_CONVERSION = YES_AGGRESSIVE;
				CLANG_CXX_LANGUAGE_STANDARD = "gnu++14";
				CLANG_CXX_LIBRARY = "libc++";
				CLANG_ENABLE_MODULES = YES;
				CLANG_ENABLE_OBJC_ARC = YES;
				CLANG_ENABLE_OBJC_WEAK = YES;
				CLANG_WARN_BLOCK_CAPTURE_AUTORELEASING = YES;
				CLANG_WARN_BOOL_CONVERSION = YES;
				CLANG_WARN_COMMA = YES;
				CLANG_WARN_CONSTANT_CONVERSION = YES;
				CLANG_WARN_DEPRECATED_OBJC_IMPLEMENTATIONS = YES;
				CLANG_WARN_DIRECT_OBJC_ISA_USAGE = YES_ERROR;
				CLANG_WARN_DOCUMENTATION_COMMENTS = YES;
				CLANG_WARN_EMPTY_BODY = YES;
				CLANG_WARN_ENUM_CONVERSION = YES;
				CLANG_WARN_INFINITE_RECURSION = YES;
				CLANG_WARN_INT_CONVERSION = YES;
				CLANG_WARN_NON_LITERAL_NULL_CONVERSION = YES;
				CLANG_WARN_OBJC_IMPLICIT_RETAIN_SELF = YES;
				CLANG_WARN_OBJC_LITERAL_CONVERSION = YES;
				CLANG_WARN_OBJC_ROOT_CLASS = YES_ERROR;
				CLANG_WARN_RANGE_LOOP_ANALYSIS = YES;
				CLANG_WARN_STRICT_PROTOTYPES = YES;
				CLANG_WARN_SUSPICIOUS_MOVE = YES;
				CLANG_WARN_UNGUARDED_AVAILABILITY = YES_AGGRESSIVE;
				CLANG_WARN_UNREACHABLE_CODE = YES;
				CLANG_WARN__DUPLICATE_METHOD_MATCH = YES;
				COPY_PHASE_STRIP = NO;
				DEBUG_INFORMATION_FORMAT = dwarf;
				ENABLE_STRICT_OBJC_MSGSEND = YES;
				ENABLE_TESTABILITY = YES;
				GCC_C_LANGUAGE_STANDARD = gnu11;
				GCC_DYNAMIC_NO_PIC = NO;
				GCC_NO_COMMON_BLOCKS = YES;
				GCC_OPTIMIZATION_LEVEL = 0;
				GCC_PREPROCESSOR_DEFINITIONS = (
					"DEBUG=1",
					"$(inherited)",
				);
				GCC_WARN_64_TO_32_BIT_CONVERSION = YES;
				GCC_WARN_ABOUT_RETURN_TYPE = YES_ERROR;
				GCC_WARN_UNDECLARED_SELECTOR = YES;
				GCC_WARN_UNINITIALIZED_AUTOS = YES_AGGRESSIVE;
				GCC_WARN_UNUSED_FUNCTION = YES;
				GCC_WARN_UNUSED_VARIABLE = YES;
				IPHONEOS_DEPLOYMENT_TARGET = 13.2;
				MTL_ENABLE_DEBUG_INFO = INCLUDE_SOURCE;
				MTL_FAST_MATH = YES;
				ONLY_ACTIVE_ARCH = YES;
				SDKROOT = iphoneos;
				SWIFT_ACTIVE_COMPILATION_CONDITIONS = DEBUG;
				SWIFT_OPTIMIZATION_LEVEL = "-Onone";
			};
			name = Debug;
		};
		5033B6262463119200264499 /* Release */ = {
			isa = XCBuildConfiguration;
			buildSettings = {
				ALWAYS_SEARCH_USER_PATHS = NO;
				CLANG_ANALYZER_NONNULL = YES;
				CLANG_ANALYZER_NUMBER_OBJECT_CONVERSION = YES_AGGRESSIVE;
				CLANG_CXX_LANGUAGE_STANDARD = "gnu++14";
				CLANG_CXX_LIBRARY = "libc++";
				CLANG_ENABLE_MODULES = YES;
				CLANG_ENABLE_OBJC_ARC = YES;
				CLANG_ENABLE_OBJC_WEAK = YES;
				CLANG_WARN_BLOCK_CAPTURE_AUTORELEASING = YES;
				CLANG_WARN_BOOL_CONVERSION = YES;
				CLANG_WARN_COMMA = YES;
				CLANG_WARN_CONSTANT_CONVERSION = YES;
				CLANG_WARN_DEPRECATED_OBJC_IMPLEMENTATIONS = YES;
				CLANG_WARN_DIRECT_OBJC_ISA_USAGE = YES_ERROR;
				CLANG_WARN_DOCUMENTATION_COMMENTS = YES;
				CLANG_WARN_EMPTY_BODY = YES;
				CLANG_WARN_ENUM_CONVERSION = YES;
				CLANG_WARN_INFINITE_RECURSION = YES;
				CLANG_WARN_INT_CONVERSION = YES;
				CLANG_WARN_NON_LITERAL_NULL_CONVERSION = YES;
				CLANG_WARN_OBJC_IMPLICIT_RETAIN_SELF = YES;
				CLANG_WARN_OBJC_LITERAL_CONVERSION = YES;
				CLANG_WARN_OBJC_ROOT_CLASS = YES_ERROR;
				CLANG_WARN_RANGE_LOOP_ANALYSIS = YES;
				CLANG_WARN_STRICT_PROTOTYPES = YES;
				CLANG_WARN_SUSPICIOUS_MOVE = YES;
				CLANG_WARN_UNGUARDED_AVAILABILITY = YES_AGGRESSIVE;
				CLANG_WARN_UNREACHABLE_CODE = YES;
				CLANG_WARN__DUPLICATE_METHOD_MATCH = YES;
				COPY_PHASE_STRIP = NO;
				DEBUG_INFORMATION_FORMAT = "dwarf-with-dsym";
				ENABLE_NS_ASSERTIONS = NO;
				ENABLE_STRICT_OBJC_MSGSEND = YES;
				GCC_C_LANGUAGE_STANDARD = gnu11;
				GCC_NO_COMMON_BLOCKS = YES;
				GCC_WARN_64_TO_32_BIT_CONVERSION = YES;
				GCC_WARN_ABOUT_RETURN_TYPE = YES_ERROR;
				GCC_WARN_UNDECLARED_SELECTOR = YES;
				GCC_WARN_UNINITIALIZED_AUTOS = YES_AGGRESSIVE;
				GCC_WARN_UNUSED_FUNCTION = YES;
				GCC_WARN_UNUSED_VARIABLE = YES;
				IPHONEOS_DEPLOYMENT_TARGET = 13.2;
				MTL_ENABLE_DEBUG_INFO = NO;
				MTL_FAST_MATH = YES;
				SDKROOT = iphoneos;
				SWIFT_COMPILATION_MODE = wholemodule;
				SWIFT_OPTIMIZATION_LEVEL = "-O";
				VALIDATE_PRODUCT = YES;
			};
			name = Release;
		};
		5033B6282463119200264499 /* Debug */ = {
			isa = XCBuildConfiguration;
			buildSettings = {
				ASSETCATALOG_COMPILER_APPICON_NAME = AppIcon;
				CODE_SIGN_STYLE = Automatic;
				DEVELOPMENT_TEAM = 7XG9VTZMR8;
				INFOPLIST_FILE = "Core Animation Button/Info.plist";
				LD_RUNPATH_SEARCH_PATHS = (
					"$(inherited)",
					"@executable_path/Frameworks",
				);
				PRODUCT_BUNDLE_IDENTIFIER = "com.vijay.coreanimation-1";
				PRODUCT_NAME = "Anime Button";
				SWIFT_VERSION = 5.0;
				TARGETED_DEVICE_FAMILY = "1,2";
			};
			name = Debug;
		};
		5033B6292463119200264499 /* Release */ = {
			isa = XCBuildConfiguration;
			buildSettings = {
				ASSETCATALOG_COMPILER_APPICON_NAME = AppIcon;
				CODE_SIGN_STYLE = Automatic;
				DEVELOPMENT_TEAM = 7XG9VTZMR8;
				INFOPLIST_FILE = "Core Animation Button/Info.plist";
				LD_RUNPATH_SEARCH_PATHS = (
					"$(inherited)",
					"@executable_path/Frameworks",
				);
				PRODUCT_BUNDLE_IDENTIFIER = "com.vijay.coreanimation-1";
				PRODUCT_NAME = "Anime Button";
				SWIFT_VERSION = 5.0;
				TARGETED_DEVICE_FAMILY = "1,2";
			};
			name = Release;
		};
/* End XCBuildConfiguration section */

/* Begin XCConfigurationList section */
		5033B60E2463118C00264499 /* Build configuration list for PBXProject "Core Animation Button" */ = {
			isa = XCConfigurationList;
			buildConfigurations = (
				5033B6252463119200264499 /* Debug */,
				5033B6262463119200264499 /* Release */,
			);
			defaultConfigurationIsVisible = 0;
			defaultConfigurationName = Release;
		};
		5033B6272463119200264499 /* Build configuration list for PBXNativeTarget "Core Animation Button" */ = {
			isa = XCConfigurationList;
			buildConfigurations = (
				5033B6282463119200264499 /* Debug */,
				5033B6292463119200264499 /* Release */,
			);
			defaultConfigurationIsVisible = 0;
			defaultConfigurationName = Release;
		};
/* End XCConfigurationList section */
	};
	rootObject = 5033B60B2463118C00264499 /* Project object */;
}
